
Microsoft Visual Studio Solution File, Format Version 12.00
# Visual Studio Version 16
VisualStudioVersion = 16.0.31729.503
MinimumVisualStudioVersion = 10.0.40219.1
Project("{9A19103F-16F7-4668-BE54-9A1E7A4F7556}") = "csharpbasic", "csharpbasic\csharpbasic.csproj", "{91650DFF-BED4-4048-AAFD-369CA6A4D7C7}"
EndProject
Project("{FAE04EC0-301F-11D3-BF4B-00C04F79EFBC}") = "tesst1", "tesst1\tesst1.csproj", "{9B11DB6B-2B79-4002-8A5C-C16F4F64E2E9}"
EndProject
Project("{2150E333-8FDC-42A3-9474-1A3956D46DE8}") = "Kteam", "Kteam", "{75E2AA5A-26A5-4EED-8B81-A51C8A3E48C5}"
EndProject
Project("{9A19103F-16F7-4668-BE54-9A1E7A4F7556}") = "Ex1", "Ex1\Ex1.csproj", "{D5829232-D76B-4E54-B694-4C0AB51D5A98}"
EndProject
Project("{FAE04EC0-301F-11D3-BF4B-00C04F79EFBC}") = "Exercise1", "Exercise1\Exercise1.csproj", "{8830B031-9B5C-40BC-AE1B-AEA355AB6E63}"
EndProject
Project("{FAE04EC0-301F-11D3-BF4B-00C04F79EFBC}") = "ConsoleWrite", "Exercise2\ConsoleWrite.csproj", "{E3561F39-0FAB-4A89-967F-D1572157F86D}"
EndProject
Project("{FAE04EC0-301F-11D3-BF4B-00C04F79EFBC}") = "ConsoleWriteLine", "ConsoleWriteLine\ConsoleWriteLine.csproj", "{C28B6F20-1B60-450B-B9CE-0CF3CC6B7D09}"
EndProject
Project("{FAE04EC0-301F-11D3-BF4B-00C04F79EFBC}") = "ConsoleWrite2", "Exercise2.1\ConsoleWrite2.csproj", "{F8ACBC87-F9A2-4C5C-A015-374E14CDFBC6}"
EndProject
Project("{FAE04EC0-301F-11D3-BF4B-00C04F79EFBC}") = "ConsoleRead", "ConsoleRead\ConsoleRead.csproj", "{23D13B78-7453-4499-9848-3E7205DD8044}"
EndProject
Project("{FAE04EC0-301F-11D3-BF4B-00C04F79EFBC}") = "ExerciseDay1", "ExerciseDay1\ExerciseDay1.csproj", "{3AA4B2EA-86C1-422E-82E9-4A106638C129}"
EndProject
Global
	GlobalSection(SolutionConfigurationPlatforms) = preSolution
		Debug|Any CPU = Debug|Any CPU
		Release|Any CPU = Release|Any CPU
	EndGlobalSection
	GlobalSection(ProjectConfigurationPlatforms) = postSolution
		{91650DFF-BED4-4048-AAFD-369CA6A4D7C7}.Debug|Any CPU.ActiveCfg = Debug|Any CPU
		{91650DFF-BED4-4048-AAFD-369CA6A4D7C7}.Debug|Any CPU.Build.0 = Debug|Any CPU
		{91650DFF-BED4-4048-AAFD-369CA6A4D7C7}.Release|Any CPU.ActiveCfg = Release|Any CPU
		{91650DFF-BED4-4048-AAFD-369CA6A4D7C7}.Release|Any CPU.Build.0 = Release|Any CPU
		{9B11DB6B-2B79-4002-8A5C-C16F4F64E2E9}.Debug|Any CPU.ActiveCfg = Debug|Any CPU
		{9B11DB6B-2B79-4002-8A5C-C16F4F64E2E9}.Debug|Any CPU.Build.0 = Debug|Any CPU
		{9B11DB6B-2B79-4002-8A5C-C16F4F64E2E9}.Release|Any CPU.ActiveCfg = Release|Any CPU
		{9B11DB6B-2B79-4002-8A5C-C16F4F64E2E9}.Release|Any CPU.Build.0 = Release|Any CPU
		{D5829232-D76B-4E54-B694-4C0AB51D5A98}.Debug|Any CPU.ActiveCfg = Debug|Any CPU
		{D5829232-D76B-4E54-B694-4C0AB51D5A98}.Debug|Any CPU.Build.0 = Debug|Any CPU
		{D5829232-D76B-4E54-B694-4C0AB51D5A98}.Release|Any CPU.ActiveCfg = Release|Any CPU
		{D5829232-D76B-4E54-B694-4C0AB51D5A98}.Release|Any CPU.Build.0 = Release|Any CPU
		{8830B031-9B5C-40BC-AE1B-AEA355AB6E63}.Debug|Any CPU.ActiveCfg = Debug|Any CPU
		{8830B031-9B5C-40BC-AE1B-AEA355AB6E63}.Debug|Any CPU.Build.0 = Debug|Any CPU
		{8830B031-9B5C-40BC-AE1B-AEA355AB6E63}.Release|Any CPU.ActiveCfg = Release|Any CPU
		{8830B031-9B5C-40BC-AE1B-AEA355AB6E63}.Release|Any CPU.Build.0 = Release|Any CPU
		{E3561F39-0FAB-4A89-967F-D1572157F86D}.Debug|Any CPU.ActiveCfg = Debug|Any CPU
		{E3561F39-0FAB-4A89-967F-D1572157F86D}.Debug|Any CPU.Build.0 = Debug|Any CPU
		{E3561F39-0FAB-4A89-967F-D1572157F86D}.Release|Any CPU.ActiveCfg = Release|Any CPU
		{E3561F39-0FAB-4A89-967F-D1572157F86D}.Release|Any CPU.Build.0 = Release|Any CPU
		{C28B6F20-1B60-450B-B9CE-0CF3CC6B7D09}.Debug|Any CPU.ActiveCfg = Debug|Any CPU
		{C28B6F20-1B60-450B-B9CE-0CF3CC6B7D09}.Debug|Any CPU.Build.0 = Debug|Any CPU
		{C28B6F20-1B60-450B-B9CE-0CF3CC6B7D09}.Release|Any CPU.ActiveCfg = Release|Any CPU
		{C28B6F20-1B60-450B-B9CE-0CF3CC6B7D09}.Release|Any CPU.Build.0 = Release|Any CPU
		{F8ACBC87-F9A2-4C5C-A015-374E14CDFBC6}.Debug|Any CPU.ActiveCfg = Debug|Any CPU
		{F8ACBC87-F9A2-4C5C-A015-374E14CDFBC6}.Debug|Any CPU.Build.0 = Debug|Any CPU
		{F8ACBC87-F9A2-4C5C-A015-374E14CDFBC6}.Release|Any CPU.ActiveCfg = Release|Any CPU
		{F8ACBC87-F9A2-4C5C-A015-374E14CDFBC6}.Release|Any CPU.Build.0 = Release|Any CPU
		{23D13B78-7453-4499-9848-3E7205DD8044}.Debug|Any CPU.ActiveCfg = Debug|Any CPU
		{23D13B78-7453-4499-9848-3E7205DD8044}.Debug|Any CPU.Build.0 = Debug|Any CPU
		{23D13B78-7453-4499-9848-3E7205DD8044}.Release|Any CPU.ActiveCfg = Release|Any CPU
		{23D13B78-7453-4499-9848-3E7205DD8044}.Release|Any CPU.Build.0 = Release|Any CPU
		{3AA4B2EA-86C1-422E-82E9-4A106638C129}.Debug|Any CPU.ActiveCfg = Debug|Any CPU
		{3AA4B2EA-86C1-422E-82E9-4A106638C129}.Debug|Any CPU.Build.0 = Debug|Any CPU
		{3AA4B2EA-86C1-422E-82E9-4A106638C129}.Release|Any CPU.ActiveCfg = Release|Any CPU
		{3AA4B2EA-86C1-422E-82E9-4A106638C129}.Release|Any CPU.Build.0 = Release|Any CPU
	EndGlobalSection
	GlobalSection(SolutionProperties) = preSolution
		HideSolutionNode = FALSE
	EndGlobalSection
	GlobalSection(NestedProjects) = preSolution
		{D5829232-D76B-4E54-B694-4C0AB51D5A98} = {75E2AA5A-26A5-4EED-8B81-A51C8A3E48C5}
		{8830B031-9B5C-40BC-AE1B-AEA355AB6E63} = {75E2AA5A-26A5-4EED-8B81-A51C8A3E48C5}
		{E3561F39-0FAB-4A89-967F-D1572157F86D} = {75E2AA5A-26A5-4EED-8B81-A51C8A3E48C5}
		{C28B6F20-1B60-450B-B9CE-0CF3CC6B7D09} = {75E2AA5A-26A5-4EED-8B81-A51C8A3E48C5}
		{F8ACBC87-F9A2-4C5C-A015-374E14CDFBC6} = {75E2AA5A-26A5-4EED-8B81-A51C8A3E48C5}
		{23D13B78-7453-4499-9848-3E7205DD8044} = {75E2AA5A-26A5-4EED-8B81-A51C8A3E48C5}
		{3AA4B2EA-86C1-422E-82E9-4A106638C129} = {75E2AA5A-26A5-4EED-8B81-A51C8A3E48C5}
	EndGlobalSection
	GlobalSection(ExtensibilityGlobals) = postSolution
		SolutionGuid = {FA5E0656-1867-41D0-819D-4412956D9D45}
	EndGlobalSection
EndGlobal
