
Microsoft Visual Studio Solution File, Format Version 12.00
# Visual Studio Version 16
VisualStudioVersion = 16.0.31729.503
MinimumVisualStudioVersion = 10.0.40219.1
Project("{9A19103F-16F7-4668-BE54-9A1E7A4F7556}") = "csharpbasic", "csharpbasic\csharpbasic.csproj", "{91650DFF-BED4-4048-AAFD-369CA6A4D7C7}"
EndProject
Project("{FAE04EC0-301F-11D3-BF4B-00C04F79EFBC}") = "tesst1", "tesst1\tesst1.csproj", "{9B11DB6B-2B79-4002-8A5C-C16F4F64E2E9}"
EndProject
Project("{2150E333-8FDC-42A3-9474-1A3956D46DE8}") = "Kteam", "Kteam", "{75E2AA5A-26A5-4EED-8B81-A51C8A3E48C5}"
EndProject
Project("{9A19103F-16F7-4668-BE54-9A1E7A4F7556}") = "Ex1", "Ex1\Ex1.csproj", "{D5829232-D76B-4E54-B694-4C0AB51D5A98}"
EndProject
Project("{9A19103F-16F7-4668-BE54-9A1E7A4F7556}") = "Exercise1", "Exercise1\Exercise1.csproj", "{8830B031-9B5C-40BC-AE1B-AEA355AB6E63}"
EndProject
Project("{9A19103F-16F7-4668-BE54-9A1E7A4F7556}") = "ConsoleWrite", "Exercise2\ConsoleWrite.csproj", "{E3561F39-0FAB-4A89-967F-D1572157F86D}"
EndProject
Project("{9A19103F-16F7-4668-BE54-9A1E7A4F7556}") = "ConsoleWriteLine", "ConsoleWriteLine\ConsoleWriteLine.csproj", "{C28B6F20-1B60-450B-B9CE-0CF3CC6B7D09}"
EndProject
Project("{9A19103F-16F7-4668-BE54-9A1E7A4F7556}") = "ConsoleWrite2", "Exercise2.1\ConsoleWrite2.csproj", "{F8ACBC87-F9A2-4C5C-A015-374E14CDFBC6}"
EndProject
Project("{9A19103F-16F7-4668-BE54-9A1E7A4F7556}") = "ConsoleRead", "ConsoleRead\ConsoleRead.csproj", "{23D13B78-7453-4499-9848-3E7205DD8044}"
EndProject
Project("{9A19103F-16F7-4668-BE54-9A1E7A4F7556}") = "ExerciseDay1", "ExerciseDay1\ExerciseDay1.csproj", "{3AA4B2EA-86C1-422E-82E9-4A106638C129}"
EndProject
Project("{9A19103F-16F7-4668-BE54-9A1E7A4F7556}") = "Bien", "Bien\Bien.csproj", "{8BB9699F-1232-41E4-B1C8-53C7C0D22028}"
EndProject
Project("{9A19103F-16F7-4668-BE54-9A1E7A4F7556}") = "KieuDuLieu", "KieuDuLieu\KieuDuLieu.csproj", "{59C150D8-26F6-42B4-BEF6-A8E12F36929F}"
EndProject
Project("{9A19103F-16F7-4668-BE54-9A1E7A4F7556}") = "ToanTu", "ToanTu\ToanTu.csproj", "{827B9EED-19C0-4EE3-A429-560D8B6BD272}"
EndProject
Project("{9A19103F-16F7-4668-BE54-9A1E7A4F7556}") = "ToanTuGanVsKhoiTao", "ToanTuGanVsKhoiTao\ToanTuGanVsKhoiTao.csproj", "{64F9D207-727D-46AD-8430-294CE6567226}"
EndProject
Project("{9A19103F-16F7-4668-BE54-9A1E7A4F7556}") = "ToanTuSoHoc", "ToanTuSoHoc\ToanTuSoHoc.csproj", "{0CD91DC2-1A0F-466B-ADF0-EFE31FC46311}"
EndProject
Project("{9A19103F-16F7-4668-BE54-9A1E7A4F7556}") = "Hang", "Hang\Hang.csproj", "{D77957FC-5AEF-4BBB-A783-1AD2E4679343}"
EndProject
Project("{9A19103F-16F7-4668-BE54-9A1E7A4F7556}") = "EpKieuTrong Csharp", "EpKieuTrong Csharp\EpKieuTrong Csharp.csproj", "{FEA0D151-9CA1-4F25-9662-B0F741CF442D}"
EndProject
Project("{9A19103F-16F7-4668-BE54-9A1E7A4F7556}") = "ViduEpkieu", "ViduEpkieu\ViduEpkieu.csproj", "{98C57106-0529-4A36-B306-E4A41FDCA165}"
EndProject
Project("{9A19103F-16F7-4668-BE54-9A1E7A4F7556}") = "IfElse", "IfElse\IfElse.csproj", "{68622CB9-85C3-44F7-ABBB-33063B7965BB}"
EndProject
Project("{9A19103F-16F7-4668-BE54-9A1E7A4F7556}") = "ExampleIfElse", "ExampleIfElse\ExampleIfElse.csproj", "{D2DE6980-4BE4-48C4-BC5D-7AB3254FC3CF}"
EndProject
Project("{9A19103F-16F7-4668-BE54-9A1E7A4F7556}") = "Switchcase", "Switchcase\Switchcase.csproj", "{243E1209-1F9C-431C-8477-942AF640BAB8}"
EndProject
Project("{9A19103F-16F7-4668-BE54-9A1E7A4F7556}") = "ExampleSwitch", "ExampleSwitch\ExampleSwitch.csproj", "{D9ABCEA9-D9C6-4B96-8278-AEE09BE631FB}"
EndProject
Project("{9A19103F-16F7-4668-BE54-9A1E7A4F7556}") = "Object", "BoxingVsUnboxing\Object.csproj", "{6182FCE4-298E-436C-A90A-0B184198A401}"
EndProject
Project("{9A19103F-16F7-4668-BE54-9A1E7A4F7556}") = "Var", "Var\Var.csproj", "{0F9B4CF2-308D-4E56-B439-0E3545A9CD86}"
EndProject
Project("{9A19103F-16F7-4668-BE54-9A1E7A4F7556}") = "BoxingUnboxing", "BoxingUnboxing\BoxingUnboxing.csproj", "{17B9402A-6687-4C0D-9D94-16F62007701F}"
EndProject
Project("{9A19103F-16F7-4668-BE54-9A1E7A4F7556}") = "Dynamic", "Dynamic\Dynamic.csproj", "{741F862D-E417-4BCF-8B12-40E822E82B0D}"
EndProject
Project("{9A19103F-16F7-4668-BE54-9A1E7A4F7556}") = "ExampleDyamic", "ExampleDyamic\ExampleDyamic.csproj", "{05194F7A-C5B2-4676-A895-76A987D6C3F3}"
EndProject
Project("{9A19103F-16F7-4668-BE54-9A1E7A4F7556}") = "SyntaxGoto", "Goto\SyntaxGoto.csproj", "{AF65CADA-38C5-419F-ABF9-DFF4A926A05D}"
EndProject
Project("{9A19103F-16F7-4668-BE54-9A1E7A4F7556}") = "LoopFor", "LoopFor\LoopFor.csproj", "{461986F8-4FAA-4147-A587-FAEE83C73D37}"
EndProject
Project("{9A19103F-16F7-4668-BE54-9A1E7A4F7556}") = "LoopWhile", "LoopWhile\LoopWhile.csproj", "{48D39990-002C-454B-BCC0-0B729BC80649}"
EndProject
Project("{9A19103F-16F7-4668-BE54-9A1E7A4F7556}") = "Loopdowhile", "Loopdowhile\Loopdowhile.csproj", "{9AF495BB-9B60-4876-A968-93CC4D68834E}"
EndProject
Project("{9A19103F-16F7-4668-BE54-9A1E7A4F7556}") = "BasicFunction", "BasicFunction\BasicFunction.csproj", "{5722E0D7-2089-4BC2-980D-5BC36B09A36B}"
EndProject
Project("{9A19103F-16F7-4668-BE54-9A1E7A4F7556}") = "LocalvariableAndGlobalvariable", "LocalvariableAndGlobalvariable\LocalvariableAndGlobalvariable.csproj", "{939C8DF0-D9FA-49F8-8660-CD959C5821A9}"
EndProject
Project("{9A19103F-16F7-4668-BE54-9A1E7A4F7556}") = "KeyWordRef", "KeyWorkRef\KeyWordRef.csproj", "{AC7C6AA1-52E3-42B0-A921-59209C0644ED}"
EndProject
Project("{9A19103F-16F7-4668-BE54-9A1E7A4F7556}") = "KeyWordOut", "KeyWord\KeyWordOut.csproj", "{ABB79BF8-C051-4739-B3E1-4846D2EEB418}"
EndProject
Project("{9A19103F-16F7-4668-BE54-9A1E7A4F7556}") = "OneDimansionalArray", "OneDimansionalArray\OneDimansionalArray.csproj", "{3E5C28D8-AAFE-4A25-9B6B-5A1535F185DF}"
EndProject
Project("{9A19103F-16F7-4668-BE54-9A1E7A4F7556}") = "TwoDimensionalArray", "TowDimensionalArray\TwoDimensionalArray.csproj", "{3D2ADED1-1447-4AAB-8599-4C6AE577AF6F}"
EndProject
Project("{FAE04EC0-301F-11D3-BF4B-00C04F79EFBC}") = "ThreeDimensionalArray", "ThreeDimensionalArray\ThreeDimensionalArray.csproj", "{A8B8C177-B34A-4E0E-845D-B59A52B379B7}"
EndProject
Project("{FAE04EC0-301F-11D3-BF4B-00C04F79EFBC}") = "ArrayJagged", "ArrayJagged\ArrayJagged.csproj", "{FA3B02ED-5787-42CD-9098-D78741CDBF85}"
EndProject
Global
	GlobalSection(SolutionConfigurationPlatforms) = preSolution
		Debug|Any CPU = Debug|Any CPU
		Release|Any CPU = Release|Any CPU
	EndGlobalSection
	GlobalSection(ProjectConfigurationPlatforms) = postSolution
		{91650DFF-BED4-4048-AAFD-369CA6A4D7C7}.Debug|Any CPU.ActiveCfg = Debug|Any CPU
		{91650DFF-BED4-4048-AAFD-369CA6A4D7C7}.Debug|Any CPU.Build.0 = Debug|Any CPU
		{91650DFF-BED4-4048-AAFD-369CA6A4D7C7}.Release|Any CPU.ActiveCfg = Release|Any CPU
		{91650DFF-BED4-4048-AAFD-369CA6A4D7C7}.Release|Any CPU.Build.0 = Release|Any CPU
		{9B11DB6B-2B79-4002-8A5C-C16F4F64E2E9}.Debug|Any CPU.ActiveCfg = Debug|Any CPU
		{9B11DB6B-2B79-4002-8A5C-C16F4F64E2E9}.Debug|Any CPU.Build.0 = Debug|Any CPU
		{9B11DB6B-2B79-4002-8A5C-C16F4F64E2E9}.Release|Any CPU.ActiveCfg = Release|Any CPU
		{9B11DB6B-2B79-4002-8A5C-C16F4F64E2E9}.Release|Any CPU.Build.0 = Release|Any CPU
		{D5829232-D76B-4E54-B694-4C0AB51D5A98}.Debug|Any CPU.ActiveCfg = Debug|Any CPU
		{D5829232-D76B-4E54-B694-4C0AB51D5A98}.Debug|Any CPU.Build.0 = Debug|Any CPU
		{D5829232-D76B-4E54-B694-4C0AB51D5A98}.Release|Any CPU.ActiveCfg = Release|Any CPU
		{D5829232-D76B-4E54-B694-4C0AB51D5A98}.Release|Any CPU.Build.0 = Release|Any CPU
		{8830B031-9B5C-40BC-AE1B-AEA355AB6E63}.Debug|Any CPU.ActiveCfg = Debug|Any CPU
		{8830B031-9B5C-40BC-AE1B-AEA355AB6E63}.Debug|Any CPU.Build.0 = Debug|Any CPU
		{8830B031-9B5C-40BC-AE1B-AEA355AB6E63}.Release|Any CPU.ActiveCfg = Release|Any CPU
		{8830B031-9B5C-40BC-AE1B-AEA355AB6E63}.Release|Any CPU.Build.0 = Release|Any CPU
		{E3561F39-0FAB-4A89-967F-D1572157F86D}.Debug|Any CPU.ActiveCfg = Debug|Any CPU
		{E3561F39-0FAB-4A89-967F-D1572157F86D}.Debug|Any CPU.Build.0 = Debug|Any CPU
		{E3561F39-0FAB-4A89-967F-D1572157F86D}.Release|Any CPU.ActiveCfg = Release|Any CPU
		{E3561F39-0FAB-4A89-967F-D1572157F86D}.Release|Any CPU.Build.0 = Release|Any CPU
		{C28B6F20-1B60-450B-B9CE-0CF3CC6B7D09}.Debug|Any CPU.ActiveCfg = Debug|Any CPU
		{C28B6F20-1B60-450B-B9CE-0CF3CC6B7D09}.Debug|Any CPU.Build.0 = Debug|Any CPU
		{C28B6F20-1B60-450B-B9CE-0CF3CC6B7D09}.Release|Any CPU.ActiveCfg = Release|Any CPU
		{C28B6F20-1B60-450B-B9CE-0CF3CC6B7D09}.Release|Any CPU.Build.0 = Release|Any CPU
		{F8ACBC87-F9A2-4C5C-A015-374E14CDFBC6}.Debug|Any CPU.ActiveCfg = Debug|Any CPU
		{F8ACBC87-F9A2-4C5C-A015-374E14CDFBC6}.Debug|Any CPU.Build.0 = Debug|Any CPU
		{F8ACBC87-F9A2-4C5C-A015-374E14CDFBC6}.Release|Any CPU.ActiveCfg = Release|Any CPU
		{F8ACBC87-F9A2-4C5C-A015-374E14CDFBC6}.Release|Any CPU.Build.0 = Release|Any CPU
		{23D13B78-7453-4499-9848-3E7205DD8044}.Debug|Any CPU.ActiveCfg = Debug|Any CPU
		{23D13B78-7453-4499-9848-3E7205DD8044}.Debug|Any CPU.Build.0 = Debug|Any CPU
		{23D13B78-7453-4499-9848-3E7205DD8044}.Release|Any CPU.ActiveCfg = Release|Any CPU
		{23D13B78-7453-4499-9848-3E7205DD8044}.Release|Any CPU.Build.0 = Release|Any CPU
		{3AA4B2EA-86C1-422E-82E9-4A106638C129}.Debug|Any CPU.ActiveCfg = Debug|Any CPU
		{3AA4B2EA-86C1-422E-82E9-4A106638C129}.Debug|Any CPU.Build.0 = Debug|Any CPU
		{3AA4B2EA-86C1-422E-82E9-4A106638C129}.Release|Any CPU.ActiveCfg = Release|Any CPU
		{3AA4B2EA-86C1-422E-82E9-4A106638C129}.Release|Any CPU.Build.0 = Release|Any CPU
		{8BB9699F-1232-41E4-B1C8-53C7C0D22028}.Debug|Any CPU.ActiveCfg = Debug|Any CPU
		{8BB9699F-1232-41E4-B1C8-53C7C0D22028}.Debug|Any CPU.Build.0 = Debug|Any CPU
		{8BB9699F-1232-41E4-B1C8-53C7C0D22028}.Release|Any CPU.ActiveCfg = Release|Any CPU
		{8BB9699F-1232-41E4-B1C8-53C7C0D22028}.Release|Any CPU.Build.0 = Release|Any CPU
		{59C150D8-26F6-42B4-BEF6-A8E12F36929F}.Debug|Any CPU.ActiveCfg = Debug|Any CPU
		{59C150D8-26F6-42B4-BEF6-A8E12F36929F}.Debug|Any CPU.Build.0 = Debug|Any CPU
		{59C150D8-26F6-42B4-BEF6-A8E12F36929F}.Release|Any CPU.ActiveCfg = Release|Any CPU
		{59C150D8-26F6-42B4-BEF6-A8E12F36929F}.Release|Any CPU.Build.0 = Release|Any CPU
		{827B9EED-19C0-4EE3-A429-560D8B6BD272}.Debug|Any CPU.ActiveCfg = Debug|Any CPU
		{827B9EED-19C0-4EE3-A429-560D8B6BD272}.Debug|Any CPU.Build.0 = Debug|Any CPU
		{827B9EED-19C0-4EE3-A429-560D8B6BD272}.Release|Any CPU.ActiveCfg = Release|Any CPU
		{827B9EED-19C0-4EE3-A429-560D8B6BD272}.Release|Any CPU.Build.0 = Release|Any CPU
		{64F9D207-727D-46AD-8430-294CE6567226}.Debug|Any CPU.ActiveCfg = Debug|Any CPU
		{64F9D207-727D-46AD-8430-294CE6567226}.Debug|Any CPU.Build.0 = Debug|Any CPU
		{64F9D207-727D-46AD-8430-294CE6567226}.Release|Any CPU.ActiveCfg = Release|Any CPU
		{64F9D207-727D-46AD-8430-294CE6567226}.Release|Any CPU.Build.0 = Release|Any CPU
		{0CD91DC2-1A0F-466B-ADF0-EFE31FC46311}.Debug|Any CPU.ActiveCfg = Debug|Any CPU
		{0CD91DC2-1A0F-466B-ADF0-EFE31FC46311}.Debug|Any CPU.Build.0 = Debug|Any CPU
		{0CD91DC2-1A0F-466B-ADF0-EFE31FC46311}.Release|Any CPU.ActiveCfg = Release|Any CPU
		{0CD91DC2-1A0F-466B-ADF0-EFE31FC46311}.Release|Any CPU.Build.0 = Release|Any CPU
		{D77957FC-5AEF-4BBB-A783-1AD2E4679343}.Debug|Any CPU.ActiveCfg = Debug|Any CPU
		{D77957FC-5AEF-4BBB-A783-1AD2E4679343}.Debug|Any CPU.Build.0 = Debug|Any CPU
		{D77957FC-5AEF-4BBB-A783-1AD2E4679343}.Release|Any CPU.ActiveCfg = Release|Any CPU
		{D77957FC-5AEF-4BBB-A783-1AD2E4679343}.Release|Any CPU.Build.0 = Release|Any CPU
		{FEA0D151-9CA1-4F25-9662-B0F741CF442D}.Debug|Any CPU.ActiveCfg = Debug|Any CPU
		{FEA0D151-9CA1-4F25-9662-B0F741CF442D}.Debug|Any CPU.Build.0 = Debug|Any CPU
		{FEA0D151-9CA1-4F25-9662-B0F741CF442D}.Release|Any CPU.ActiveCfg = Release|Any CPU
		{FEA0D151-9CA1-4F25-9662-B0F741CF442D}.Release|Any CPU.Build.0 = Release|Any CPU
		{98C57106-0529-4A36-B306-E4A41FDCA165}.Debug|Any CPU.ActiveCfg = Debug|Any CPU
		{98C57106-0529-4A36-B306-E4A41FDCA165}.Debug|Any CPU.Build.0 = Debug|Any CPU
		{98C57106-0529-4A36-B306-E4A41FDCA165}.Release|Any CPU.ActiveCfg = Release|Any CPU
		{98C57106-0529-4A36-B306-E4A41FDCA165}.Release|Any CPU.Build.0 = Release|Any CPU
		{68622CB9-85C3-44F7-ABBB-33063B7965BB}.Debug|Any CPU.ActiveCfg = Debug|Any CPU
		{68622CB9-85C3-44F7-ABBB-33063B7965BB}.Debug|Any CPU.Build.0 = Debug|Any CPU
		{68622CB9-85C3-44F7-ABBB-33063B7965BB}.Release|Any CPU.ActiveCfg = Release|Any CPU
		{68622CB9-85C3-44F7-ABBB-33063B7965BB}.Release|Any CPU.Build.0 = Release|Any CPU
		{D2DE6980-4BE4-48C4-BC5D-7AB3254FC3CF}.Debug|Any CPU.ActiveCfg = Debug|Any CPU
		{D2DE6980-4BE4-48C4-BC5D-7AB3254FC3CF}.Debug|Any CPU.Build.0 = Debug|Any CPU
		{D2DE6980-4BE4-48C4-BC5D-7AB3254FC3CF}.Release|Any CPU.ActiveCfg = Release|Any CPU
		{D2DE6980-4BE4-48C4-BC5D-7AB3254FC3CF}.Release|Any CPU.Build.0 = Release|Any CPU
		{243E1209-1F9C-431C-8477-942AF640BAB8}.Debug|Any CPU.ActiveCfg = Debug|Any CPU
		{243E1209-1F9C-431C-8477-942AF640BAB8}.Debug|Any CPU.Build.0 = Debug|Any CPU
		{243E1209-1F9C-431C-8477-942AF640BAB8}.Release|Any CPU.ActiveCfg = Release|Any CPU
		{243E1209-1F9C-431C-8477-942AF640BAB8}.Release|Any CPU.Build.0 = Release|Any CPU
		{D9ABCEA9-D9C6-4B96-8278-AEE09BE631FB}.Debug|Any CPU.ActiveCfg = Debug|Any CPU
		{D9ABCEA9-D9C6-4B96-8278-AEE09BE631FB}.Debug|Any CPU.Build.0 = Debug|Any CPU
		{D9ABCEA9-D9C6-4B96-8278-AEE09BE631FB}.Release|Any CPU.ActiveCfg = Release|Any CPU
		{D9ABCEA9-D9C6-4B96-8278-AEE09BE631FB}.Release|Any CPU.Build.0 = Release|Any CPU
		{6182FCE4-298E-436C-A90A-0B184198A401}.Debug|Any CPU.ActiveCfg = Debug|Any CPU
		{6182FCE4-298E-436C-A90A-0B184198A401}.Debug|Any CPU.Build.0 = Debug|Any CPU
		{6182FCE4-298E-436C-A90A-0B184198A401}.Release|Any CPU.ActiveCfg = Release|Any CPU
		{6182FCE4-298E-436C-A90A-0B184198A401}.Release|Any CPU.Build.0 = Release|Any CPU
		{0F9B4CF2-308D-4E56-B439-0E3545A9CD86}.Debug|Any CPU.ActiveCfg = Debug|Any CPU
		{0F9B4CF2-308D-4E56-B439-0E3545A9CD86}.Debug|Any CPU.Build.0 = Debug|Any CPU
		{0F9B4CF2-308D-4E56-B439-0E3545A9CD86}.Release|Any CPU.ActiveCfg = Release|Any CPU
		{0F9B4CF2-308D-4E56-B439-0E3545A9CD86}.Release|Any CPU.Build.0 = Release|Any CPU
		{17B9402A-6687-4C0D-9D94-16F62007701F}.Debug|Any CPU.ActiveCfg = Debug|Any CPU
		{17B9402A-6687-4C0D-9D94-16F62007701F}.Debug|Any CPU.Build.0 = Debug|Any CPU
		{17B9402A-6687-4C0D-9D94-16F62007701F}.Release|Any CPU.ActiveCfg = Release|Any CPU
		{17B9402A-6687-4C0D-9D94-16F62007701F}.Release|Any CPU.Build.0 = Release|Any CPU
		{741F862D-E417-4BCF-8B12-40E822E82B0D}.Debug|Any CPU.ActiveCfg = Debug|Any CPU
		{741F862D-E417-4BCF-8B12-40E822E82B0D}.Debug|Any CPU.Build.0 = Debug|Any CPU
		{741F862D-E417-4BCF-8B12-40E822E82B0D}.Release|Any CPU.ActiveCfg = Release|Any CPU
		{741F862D-E417-4BCF-8B12-40E822E82B0D}.Release|Any CPU.Build.0 = Release|Any CPU
		{05194F7A-C5B2-4676-A895-76A987D6C3F3}.Debug|Any CPU.ActiveCfg = Debug|Any CPU
		{05194F7A-C5B2-4676-A895-76A987D6C3F3}.Debug|Any CPU.Build.0 = Debug|Any CPU
		{05194F7A-C5B2-4676-A895-76A987D6C3F3}.Release|Any CPU.ActiveCfg = Release|Any CPU
		{05194F7A-C5B2-4676-A895-76A987D6C3F3}.Release|Any CPU.Build.0 = Release|Any CPU
		{AF65CADA-38C5-419F-ABF9-DFF4A926A05D}.Debug|Any CPU.ActiveCfg = Debug|Any CPU
		{AF65CADA-38C5-419F-ABF9-DFF4A926A05D}.Debug|Any CPU.Build.0 = Debug|Any CPU
		{AF65CADA-38C5-419F-ABF9-DFF4A926A05D}.Release|Any CPU.ActiveCfg = Release|Any CPU
		{AF65CADA-38C5-419F-ABF9-DFF4A926A05D}.Release|Any CPU.Build.0 = Release|Any CPU
		{461986F8-4FAA-4147-A587-FAEE83C73D37}.Debug|Any CPU.ActiveCfg = Debug|Any CPU
		{461986F8-4FAA-4147-A587-FAEE83C73D37}.Debug|Any CPU.Build.0 = Debug|Any CPU
		{461986F8-4FAA-4147-A587-FAEE83C73D37}.Release|Any CPU.ActiveCfg = Release|Any CPU
		{461986F8-4FAA-4147-A587-FAEE83C73D37}.Release|Any CPU.Build.0 = Release|Any CPU
		{48D39990-002C-454B-BCC0-0B729BC80649}.Debug|Any CPU.ActiveCfg = Debug|Any CPU
		{48D39990-002C-454B-BCC0-0B729BC80649}.Debug|Any CPU.Build.0 = Debug|Any CPU
		{48D39990-002C-454B-BCC0-0B729BC80649}.Release|Any CPU.ActiveCfg = Release|Any CPU
		{48D39990-002C-454B-BCC0-0B729BC80649}.Release|Any CPU.Build.0 = Release|Any CPU
		{9AF495BB-9B60-4876-A968-93CC4D68834E}.Debug|Any CPU.ActiveCfg = Debug|Any CPU
		{9AF495BB-9B60-4876-A968-93CC4D68834E}.Debug|Any CPU.Build.0 = Debug|Any CPU
		{9AF495BB-9B60-4876-A968-93CC4D68834E}.Release|Any CPU.ActiveCfg = Release|Any CPU
		{9AF495BB-9B60-4876-A968-93CC4D68834E}.Release|Any CPU.Build.0 = Release|Any CPU
		{5722E0D7-2089-4BC2-980D-5BC36B09A36B}.Debug|Any CPU.ActiveCfg = Debug|Any CPU
		{5722E0D7-2089-4BC2-980D-5BC36B09A36B}.Debug|Any CPU.Build.0 = Debug|Any CPU
		{5722E0D7-2089-4BC2-980D-5BC36B09A36B}.Release|Any CPU.ActiveCfg = Release|Any CPU
		{5722E0D7-2089-4BC2-980D-5BC36B09A36B}.Release|Any CPU.Build.0 = Release|Any CPU
		{939C8DF0-D9FA-49F8-8660-CD959C5821A9}.Debug|Any CPU.ActiveCfg = Debug|Any CPU
		{939C8DF0-D9FA-49F8-8660-CD959C5821A9}.Debug|Any CPU.Build.0 = Debug|Any CPU
		{939C8DF0-D9FA-49F8-8660-CD959C5821A9}.Release|Any CPU.ActiveCfg = Release|Any CPU
		{939C8DF0-D9FA-49F8-8660-CD959C5821A9}.Release|Any CPU.Build.0 = Release|Any CPU
		{AC7C6AA1-52E3-42B0-A921-59209C0644ED}.Debug|Any CPU.ActiveCfg = Debug|Any CPU
		{AC7C6AA1-52E3-42B0-A921-59209C0644ED}.Debug|Any CPU.Build.0 = Debug|Any CPU
		{AC7C6AA1-52E3-42B0-A921-59209C0644ED}.Release|Any CPU.ActiveCfg = Release|Any CPU
		{AC7C6AA1-52E3-42B0-A921-59209C0644ED}.Release|Any CPU.Build.0 = Release|Any CPU
		{ABB79BF8-C051-4739-B3E1-4846D2EEB418}.Debug|Any CPU.ActiveCfg = Debug|Any CPU
		{ABB79BF8-C051-4739-B3E1-4846D2EEB418}.Debug|Any CPU.Build.0 = Debug|Any CPU
		{ABB79BF8-C051-4739-B3E1-4846D2EEB418}.Release|Any CPU.ActiveCfg = Release|Any CPU
		{ABB79BF8-C051-4739-B3E1-4846D2EEB418}.Release|Any CPU.Build.0 = Release|Any CPU
		{3E5C28D8-AAFE-4A25-9B6B-5A1535F185DF}.Debug|Any CPU.ActiveCfg = Debug|Any CPU
		{3E5C28D8-AAFE-4A25-9B6B-5A1535F185DF}.Debug|Any CPU.Build.0 = Debug|Any CPU
		{3E5C28D8-AAFE-4A25-9B6B-5A1535F185DF}.Release|Any CPU.ActiveCfg = Release|Any CPU
		{3E5C28D8-AAFE-4A25-9B6B-5A1535F185DF}.Release|Any CPU.Build.0 = Release|Any CPU
		{3D2ADED1-1447-4AAB-8599-4C6AE577AF6F}.Debug|Any CPU.ActiveCfg = Debug|Any CPU
		{3D2ADED1-1447-4AAB-8599-4C6AE577AF6F}.Debug|Any CPU.Build.0 = Debug|Any CPU
		{3D2ADED1-1447-4AAB-8599-4C6AE577AF6F}.Release|Any CPU.ActiveCfg = Release|Any CPU
		{3D2ADED1-1447-4AAB-8599-4C6AE577AF6F}.Release|Any CPU.Build.0 = Release|Any CPU
		{A8B8C177-B34A-4E0E-845D-B59A52B379B7}.Debug|Any CPU.ActiveCfg = Debug|Any CPU
		{A8B8C177-B34A-4E0E-845D-B59A52B379B7}.Debug|Any CPU.Build.0 = Debug|Any CPU
		{A8B8C177-B34A-4E0E-845D-B59A52B379B7}.Release|Any CPU.ActiveCfg = Release|Any CPU
		{A8B8C177-B34A-4E0E-845D-B59A52B379B7}.Release|Any CPU.Build.0 = Release|Any CPU
		{FA3B02ED-5787-42CD-9098-D78741CDBF85}.Debug|Any CPU.ActiveCfg = Debug|Any CPU
		{FA3B02ED-5787-42CD-9098-D78741CDBF85}.Debug|Any CPU.Build.0 = Debug|Any CPU
		{FA3B02ED-5787-42CD-9098-D78741CDBF85}.Release|Any CPU.ActiveCfg = Release|Any CPU
		{FA3B02ED-5787-42CD-9098-D78741CDBF85}.Release|Any CPU.Build.0 = Release|Any CPU
	EndGlobalSection
	GlobalSection(SolutionProperties) = preSolution
		HideSolutionNode = FALSE
	EndGlobalSection
	GlobalSection(NestedProjects) = preSolution
		{D5829232-D76B-4E54-B694-4C0AB51D5A98} = {75E2AA5A-26A5-4EED-8B81-A51C8A3E48C5}
		{8830B031-9B5C-40BC-AE1B-AEA355AB6E63} = {75E2AA5A-26A5-4EED-8B81-A51C8A3E48C5}
		{E3561F39-0FAB-4A89-967F-D1572157F86D} = {75E2AA5A-26A5-4EED-8B81-A51C8A3E48C5}
		{C28B6F20-1B60-450B-B9CE-0CF3CC6B7D09} = {75E2AA5A-26A5-4EED-8B81-A51C8A3E48C5}
		{F8ACBC87-F9A2-4C5C-A015-374E14CDFBC6} = {75E2AA5A-26A5-4EED-8B81-A51C8A3E48C5}
		{23D13B78-7453-4499-9848-3E7205DD8044} = {75E2AA5A-26A5-4EED-8B81-A51C8A3E48C5}
		{3AA4B2EA-86C1-422E-82E9-4A106638C129} = {75E2AA5A-26A5-4EED-8B81-A51C8A3E48C5}
		{8BB9699F-1232-41E4-B1C8-53C7C0D22028} = {75E2AA5A-26A5-4EED-8B81-A51C8A3E48C5}
		{59C150D8-26F6-42B4-BEF6-A8E12F36929F} = {75E2AA5A-26A5-4EED-8B81-A51C8A3E48C5}
		{827B9EED-19C0-4EE3-A429-560D8B6BD272} = {75E2AA5A-26A5-4EED-8B81-A51C8A3E48C5}
		{64F9D207-727D-46AD-8430-294CE6567226} = {75E2AA5A-26A5-4EED-8B81-A51C8A3E48C5}
		{0CD91DC2-1A0F-466B-ADF0-EFE31FC46311} = {75E2AA5A-26A5-4EED-8B81-A51C8A3E48C5}
		{D77957FC-5AEF-4BBB-A783-1AD2E4679343} = {75E2AA5A-26A5-4EED-8B81-A51C8A3E48C5}
		{FEA0D151-9CA1-4F25-9662-B0F741CF442D} = {75E2AA5A-26A5-4EED-8B81-A51C8A3E48C5}
		{98C57106-0529-4A36-B306-E4A41FDCA165} = {75E2AA5A-26A5-4EED-8B81-A51C8A3E48C5}
		{68622CB9-85C3-44F7-ABBB-33063B7965BB} = {75E2AA5A-26A5-4EED-8B81-A51C8A3E48C5}
		{D2DE6980-4BE4-48C4-BC5D-7AB3254FC3CF} = {75E2AA5A-26A5-4EED-8B81-A51C8A3E48C5}
		{243E1209-1F9C-431C-8477-942AF640BAB8} = {75E2AA5A-26A5-4EED-8B81-A51C8A3E48C5}
		{D9ABCEA9-D9C6-4B96-8278-AEE09BE631FB} = {75E2AA5A-26A5-4EED-8B81-A51C8A3E48C5}
		{6182FCE4-298E-436C-A90A-0B184198A401} = {75E2AA5A-26A5-4EED-8B81-A51C8A3E48C5}
		{0F9B4CF2-308D-4E56-B439-0E3545A9CD86} = {75E2AA5A-26A5-4EED-8B81-A51C8A3E48C5}
		{17B9402A-6687-4C0D-9D94-16F62007701F} = {75E2AA5A-26A5-4EED-8B81-A51C8A3E48C5}
		{741F862D-E417-4BCF-8B12-40E822E82B0D} = {75E2AA5A-26A5-4EED-8B81-A51C8A3E48C5}
		{05194F7A-C5B2-4676-A895-76A987D6C3F3} = {75E2AA5A-26A5-4EED-8B81-A51C8A3E48C5}
		{AF65CADA-38C5-419F-ABF9-DFF4A926A05D} = {75E2AA5A-26A5-4EED-8B81-A51C8A3E48C5}
		{461986F8-4FAA-4147-A587-FAEE83C73D37} = {75E2AA5A-26A5-4EED-8B81-A51C8A3E48C5}
		{48D39990-002C-454B-BCC0-0B729BC80649} = {75E2AA5A-26A5-4EED-8B81-A51C8A3E48C5}
		{9AF495BB-9B60-4876-A968-93CC4D68834E} = {75E2AA5A-26A5-4EED-8B81-A51C8A3E48C5}
		{5722E0D7-2089-4BC2-980D-5BC36B09A36B} = {75E2AA5A-26A5-4EED-8B81-A51C8A3E48C5}
		{939C8DF0-D9FA-49F8-8660-CD959C5821A9} = {75E2AA5A-26A5-4EED-8B81-A51C8A3E48C5}
		{AC7C6AA1-52E3-42B0-A921-59209C0644ED} = {75E2AA5A-26A5-4EED-8B81-A51C8A3E48C5}
		{ABB79BF8-C051-4739-B3E1-4846D2EEB418} = {75E2AA5A-26A5-4EED-8B81-A51C8A3E48C5}
		{3E5C28D8-AAFE-4A25-9B6B-5A1535F185DF} = {75E2AA5A-26A5-4EED-8B81-A51C8A3E48C5}
		{3D2ADED1-1447-4AAB-8599-4C6AE577AF6F} = {75E2AA5A-26A5-4EED-8B81-A51C8A3E48C5}
		{A8B8C177-B34A-4E0E-845D-B59A52B379B7} = {75E2AA5A-26A5-4EED-8B81-A51C8A3E48C5}
		{FA3B02ED-5787-42CD-9098-D78741CDBF85} = {75E2AA5A-26A5-4EED-8B81-A51C8A3E48C5}
	EndGlobalSection
	GlobalSection(ExtensibilityGlobals) = postSolution
		SolutionGuid = {FA5E0656-1867-41D0-819D-4412956D9D45}
	EndGlobalSection
EndGlobal
